
Microsoft Visual Studio Solution File, Format Version 12.00
# Visual Studio 15
VisualStudioVersion = 15.0.27004.2008
MinimumVisualStudioVersion = 10.0.40219.1
Project("{FAE04EC0-301F-11D3-BF4B-00C04F79EFBC}") = "opengl", "opengl\opengl.csproj", "{299A05E4-68A6-4351-9F4C-685F1CD31A85}"
EndProject
Global
	GlobalSection(SolutionConfigurationPlatforms) = preSolution
		Debug|Any CPU = Debug|Any CPU
		Release|Any CPU = Release|Any CPU
	EndGlobalSection
	GlobalSection(ProjectConfigurationPlatforms) = postSolution
		{299A05E4-68A6-4351-9F4C-685F1CD31A85}.Debug|Any CPU.ActiveCfg = Debug|Any CPU
		{299A05E4-68A6-4351-9F4C-685F1CD31A85}.Debug|Any CPU.Build.0 = Debug|Any CPU
		{299A05E4-68A6-4351-9F4C-685F1CD31A85}.Release|Any CPU.ActiveCfg = Release|Any CPU
		{299A05E4-68A6-4351-9F4C-685F1CD31A85}.Release|Any CPU.Build.0 = Release|Any CPU
	EndGlobalSection
	GlobalSection(SolutionProperties) = preSolution
		HideSolutionNode = FALSE
	EndGlobalSection
	GlobalSection(ExtensibilityGlobals) = postSolution
		SolutionGuid = {EDCF2A7F-C59C-4A31-89A0-EF9D058D04BC}
	EndGlobalSection
EndGlobal
